// !$*UTF8*$!
{
	archiveVersion = 1;
	classes = {
	};
	objectVersion = 50;
	objects = {

/* Begin PBXBuildFile section */
		43489C9727D7BD690086C314 /* AppDelegate.swift in Sources */ = {isa = PBXBuildFile; fileRef = 43489C9627D7BD690086C314 /* AppDelegate.swift */; };
		43489C9927D7BD690086C314 /* SceneDelegate.swift in Sources */ = {isa = PBXBuildFile; fileRef = 43489C9827D7BD690086C314 /* SceneDelegate.swift */; };
		43489C9B27D7BD690086C314 /* ViewController.swift in Sources */ = {isa = PBXBuildFile; fileRef = 43489C9A27D7BD690086C314 /* ViewController.swift */; };
		43489C9E27D7BD690086C314 /* Main.storyboard in Resources */ = {isa = PBXBuildFile; fileRef = 43489C9C27D7BD690086C314 /* Main.storyboard */; };
		43489CA027D7BD6B0086C314 /* Assets.xcassets in Resources */ = {isa = PBXBuildFile; fileRef = 43489C9F27D7BD6B0086C314 /* Assets.xcassets */; };
		43489CA327D7BD6B0086C314 /* LaunchScreen.storyboard in Resources */ = {isa = PBXBuildFile; fileRef = 43489CA127D7BD6B0086C314 /* LaunchScreen.storyboard */; };
		43835B3F27D7C95C0060BD15 /* Service.swift in Sources */ = {isa = PBXBuildFile; fileRef = 43835B3627D7C95C0060BD15 /* Service.swift */; };
		43835B4027D7C95C0060BD15 /* CoursesController.swift in Sources */ = {isa = PBXBuildFile; fileRef = 43835B3827D7C95C0060BD15 /* CoursesController.swift */; };
		43835B4127D7C95C0060BD15 /* CourseViewModel.swift in Sources */ = {isa = PBXBuildFile; fileRef = 43835B3A27D7C95C0060BD15 /* CourseViewModel.swift */; };
		43835B4227D7C95C0060BD15 /* CourseCell.swift in Sources */ = {isa = PBXBuildFile; fileRef = 43835B3C27D7C95C0060BD15 /* CourseCell.swift */; };
		43835B4327D7C95C0060BD15 /* Course.swift in Sources */ = {isa = PBXBuildFile; fileRef = 43835B3E27D7C95C0060BD15 /* Course.swift */; };
/* End PBXBuildFile section */

/* Begin PBXFileReference section */
		43489C9327D7BD690086C314 /* MVCtoMVVM.app */ = {isa = PBXFileReference; explicitFileType = wrapper.application; includeInIndex = 0; path = MVCtoMVVM.app; sourceTree = BUILT_PRODUCTS_DIR; };
		43489C9627D7BD690086C314 /* AppDelegate.swift */ = {isa = PBXFileReference; lastKnownFileType = sourcecode.swift; path = AppDelegate.swift; sourceTree = "<group>"; };
		43489C9827D7BD690086C314 /* SceneDelegate.swift */ = {isa = PBXFileReference; lastKnownFileType = sourcecode.swift; path = SceneDelegate.swift; sourceTree = "<group>"; };
		43489C9A27D7BD690086C314 /* ViewController.swift */ = {isa = PBXFileReference; lastKnownFileType = sourcecode.swift; path = ViewController.swift; sourceTree = "<group>"; };
		43489C9D27D7BD690086C314 /* Base */ = {isa = PBXFileReference; lastKnownFileType = file.storyboard; name = Base; path = Base.lproj/Main.storyboard; sourceTree = "<group>"; };
		43489C9F27D7BD6B0086C314 /* Assets.xcassets */ = {isa = PBXFileReference; lastKnownFileType = folder.assetcatalog; path = Assets.xcassets; sourceTree = "<group>"; };
		43489CA227D7BD6B0086C314 /* Base */ = {isa = PBXFileReference; lastKnownFileType = file.storyboard; name = Base; path = Base.lproj/LaunchScreen.storyboard; sourceTree = "<group>"; };
		43489CA427D7BD6B0086C314 /* Info.plist */ = {isa = PBXFileReference; lastKnownFileType = text.plist.xml; path = Info.plist; sourceTree = "<group>"; };
		43835B3627D7C95C0060BD15 /* Service.swift */ = {isa = PBXFileReference; fileEncoding = 4; lastKnownFileType = sourcecode.swift; path = Service.swift; sourceTree = "<group>"; };
		43835B3827D7C95C0060BD15 /* CoursesController.swift */ = {isa = PBXFileReference; fileEncoding = 4; lastKnownFileType = sourcecode.swift; path = CoursesController.swift; sourceTree = "<group>"; };
		43835B3A27D7C95C0060BD15 /* CourseViewModel.swift */ = {isa = PBXFileReference; fileEncoding = 4; lastKnownFileType = sourcecode.swift; path = CourseViewModel.swift; sourceTree = "<group>"; };
		43835B3C27D7C95C0060BD15 /* CourseCell.swift */ = {isa = PBXFileReference; fileEncoding = 4; lastKnownFileType = sourcecode.swift; path = CourseCell.swift; sourceTree = "<group>"; };
		43835B3E27D7C95C0060BD15 /* Course.swift */ = {isa = PBXFileReference; fileEncoding = 4; lastKnownFileType = sourcecode.swift; path = Course.swift; sourceTree = "<group>"; };
/* End PBXFileReference section */

/* Begin PBXFrameworksBuildPhase section */
		43489C9027D7BD690086C314 /* Frameworks */ = {
			isa = PBXFrameworksBuildPhase;
			buildActionMask = 2147483647;
			files = (
			);
			runOnlyForDeploymentPostprocessing = 0;
		};
/* End PBXFrameworksBuildPhase section */

/* Begin PBXGroup section */
		43489C8A27D7BD690086C314 = {
			isa = PBXGroup;
			children = (
				43489C9527D7BD690086C314 /* MVCtoMVVM */,
				43489C9427D7BD690086C314 /* Products */,
			);
			sourceTree = "<group>";
		};
		43489C9427D7BD690086C314 /* Products */ = {
			isa = PBXGroup;
			children = (
				43489C9327D7BD690086C314 /* MVCtoMVVM.app */,
			);
			name = Products;
			sourceTree = "<group>";
		};
		43489C9527D7BD690086C314 /* MVCtoMVVM */ = {
			isa = PBXGroup;
			children = (
				43835B3727D7C95C0060BD15 /* Controller */,
				43835B3D27D7C95C0060BD15 /* Model */,
				43835B3527D7C95C0060BD15 /* Service */,
				43835B3B27D7C95C0060BD15 /* View */,
				43835B3927D7C95C0060BD15 /* ViewModel */,
				43489C9627D7BD690086C314 /* AppDelegate.swift */,
				43489C9827D7BD690086C314 /* SceneDelegate.swift */,
				43489C9A27D7BD690086C314 /* ViewController.swift */,
				43489C9C27D7BD690086C314 /* Main.storyboard */,
				43489C9F27D7BD6B0086C314 /* Assets.xcassets */,
				43489CA127D7BD6B0086C314 /* LaunchScreen.storyboard */,
				43489CA427D7BD6B0086C314 /* Info.plist */,
			);
			path = MVCtoMVVM;
			sourceTree = "<group>";
		};
		43835B3527D7C95C0060BD15 /* Service */ = {
			isa = PBXGroup;
			children = (
				43835B3627D7C95C0060BD15 /* Service.swift */,
			);
			path = Service;
			sourceTree = "<group>";
		};
		43835B3727D7C95C0060BD15 /* Controller */ = {
			isa = PBXGroup;
			children = (
				43835B3827D7C95C0060BD15 /* CoursesController.swift */,
			);
			path = Controller;
			sourceTree = "<group>";
		};
		43835B3927D7C95C0060BD15 /* ViewModel */ = {
			isa = PBXGroup;
			children = (
				43835B3A27D7C95C0060BD15 /* CourseViewModel.swift */,
			);
			path = ViewModel;
			sourceTree = "<group>";
		};
		43835B3B27D7C95C0060BD15 /* View */ = {
			isa = PBXGroup;
			children = (
				43835B3C27D7C95C0060BD15 /* CourseCell.swift */,
			);
			path = View;
			sourceTree = "<group>";
		};
		43835B3D27D7C95C0060BD15 /* Model */ = {
			isa = PBXGroup;
			children = (
				43835B3E27D7C95C0060BD15 /* Course.swift */,
			);
			path = Model;
			sourceTree = "<group>";
		};
/* End PBXGroup section */

/* Begin PBXNativeTarget section */
		43489C9227D7BD690086C314 /* MVCtoMVVM */ = {
			isa = PBXNativeTarget;
			buildConfigurationList = 43489CA727D7BD6B0086C314 /* Build configuration list for PBXNativeTarget "MVCtoMVVM" */;
			buildPhases = (
				43489C8F27D7BD690086C314 /* Sources */,
				43489C9027D7BD690086C314 /* Frameworks */,
				43489C9127D7BD690086C314 /* Resources */,
			);
			buildRules = (
			);
			dependencies = (
			);
			name = MVCtoMVVM;
			productName = MVCtoMVVM;
			productReference = 43489C9327D7BD690086C314 /* MVCtoMVVM.app */;
			productType = "com.apple.product-type.application";
		};
/* End PBXNativeTarget section */

/* Begin PBXProject section */
		43489C8B27D7BD690086C314 /* Project object */ = {
			isa = PBXProject;
			attributes = {
				LastSwiftUpdateCheck = 1240;
				LastUpgradeCheck = 1240;
				TargetAttributes = {
					43489C9227D7BD690086C314 = {
						CreatedOnToolsVersion = 12.4;
					};
				};
			};
			buildConfigurationList = 43489C8E27D7BD690086C314 /* Build configuration list for PBXProject "MVCtoMVVM" */;
			compatibilityVersion = "Xcode 9.3";
			developmentRegion = en;
			hasScannedForEncodings = 0;
			knownRegions = (
				en,
				Base,
			);
			mainGroup = 43489C8A27D7BD690086C314;
			productRefGroup = 43489C9427D7BD690086C314 /* Products */;
			projectDirPath = "";
			projectRoot = "";
			targets = (
				43489C9227D7BD690086C314 /* MVCtoMVVM */,
			);
		};
/* End PBXProject section */

/* Begin PBXResourcesBuildPhase section */
		43489C9127D7BD690086C314 /* Resources */ = {
			isa = PBXResourcesBuildPhase;
			buildActionMask = 2147483647;
			files = (
				43489CA327D7BD6B0086C314 /* LaunchScreen.storyboard in Resources */,
				43489CA027D7BD6B0086C314 /* Assets.xcassets in Resources */,
				43489C9E27D7BD690086C314 /* Main.storyboard in Resources */,
			);
			runOnlyForDeploymentPostprocessing = 0;
		};
/* End PBXResourcesBuildPhase section */

/* Begin PBXSourcesBuildPhase section */
		43489C8F27D7BD690086C314 /* Sources */ = {
			isa = PBXSourcesBuildPhase;
			buildActionMask = 2147483647;
			files = (
				43835B4327D7C95C0060BD15 /* Course.swift in Sources */,
				43489C9B27D7BD690086C314 /* ViewController.swift in Sources */,
				43835B3F27D7C95C0060BD15 /* Service.swift in Sources */,
				43489C9727D7BD690086C314 /* AppDelegate.swift in Sources */,
				43835B4227D7C95C0060BD15 /* CourseCell.swift in Sources */,
				43835B4127D7C95C0060BD15 /* CourseViewModel.swift in Sources */,
				43489C9927D7BD690086C314 /* SceneDelegate.swift in Sources */,
				43835B4027D7C95C0060BD15 /* CoursesController.swift in Sources */,
			);
			runOnlyForDeploymentPostprocessing = 0;
		};
/* End PBXSourcesBuildPhase section */

/* Begin PBXVariantGroup section */
		43489C9C27D7BD690086C314 /* Main.storyboard */ = {
			isa = PBXVariantGroup;
			children = (
				43489C9D27D7BD690086C314 /* Base */,
			);
			name = Main.storyboard;
			sourceTree = "<group>";
		};
		43489CA127D7BD6B0086C314 /* LaunchScreen.storyboard */ = {
			isa = PBXVariantGroup;
			children = (
				43489CA227D7BD6B0086C314 /* Base */,
			);
			name = LaunchScreen.storyboard;
			sourceTree = "<group>";
		};
/* End PBXVariantGroup section */

/* Begin XCBuildConfiguration section */
		43489CA527D7BD6B0086C314 /* Debug */ = {
			isa = XCBuildConfiguration;
			buildSettings = {
				ALWAYS_SEARCH_USER_PATHS = NO;
				CLANG_ANALYZER_NONNULL = YES;
				CLANG_ANALYZER_NUMBER_OBJECT_CONVERSION = YES_AGGRESSIVE;
				CLANG_CXX_LANGUAGE_STANDARD = "gnu++14";
				CLANG_CXX_LIBRARY = "libc++";
				CLANG_ENABLE_MODULES = YES;
				CLANG_ENABLE_OBJC_ARC = YES;
				CLANG_ENABLE_OBJC_WEAK = YES;
				CLANG_WARN_BLOCK_CAPTURE_AUTORELEASING = YES;
				CLANG_WARN_BOOL_CONVERSION = YES;
				CLANG_WARN_COMMA = YES;
				CLANG_WARN_CONSTANT_CONVERSION = YES;
				CLANG_WARN_DEPRECATED_OBJC_IMPLEMENTATIONS = YES;
				CLANG_WARN_DIRECT_OBJC_ISA_USAGE = YES_ERROR;
				CLANG_WARN_DOCUMENTATION_COMMENTS = YES;
				CLANG_WARN_EMPTY_BODY = YES;
				CLANG_WARN_ENUM_CONVERSION = YES;
				CLANG_WARN_INFINITE_RECURSION = YES;
				CLANG_WARN_INT_CONVERSION = YES;
				CLANG_WARN_NON_LITERAL_NULL_CONVERSION = YES;
				CLANG_WARN_OBJC_IMPLICIT_RETAIN_SELF = YES;
				CLANG_WARN_OBJC_LITERAL_CONVERSION = YES;
				CLANG_WARN_OBJC_ROOT_CLASS = YES_ERROR;
				CLANG_WARN_QUOTED_INCLUDE_IN_FRAMEWORK_HEADER = YES;
				CLANG_WARN_RANGE_LOOP_ANALYSIS = YES;
				CLANG_WARN_STRICT_PROTOTYPES = YES;
				CLANG_WARN_SUSPICIOUS_MOVE = YES;
				CLANG_WARN_UNGUARDED_AVAILABILITY = YES_AGGRESSIVE;
				CLANG_WARN_UNREACHABLE_CODE = YES;
				CLANG_WARN__DUPLICATE_METHOD_MATCH = YES;
				COPY_PHASE_STRIP = NO;
				DEBUG_INFORMATION_FORMAT = dwarf;
				ENABLE_STRICT_OBJC_MSGSEND = YES;
				ENABLE_TESTABILITY = YES;
				GCC_C_LANGUAGE_STANDARD = gnu11;
				GCC_DYNAMIC_NO_PIC = NO;
				GCC_NO_COMMON_BLOCKS = YES;
				GCC_OPTIMIZATION_LEVEL = 0;
				GCC_PREPROCESSOR_DEFINITIONS = (
					"DEBUG=1",
					"$(inherited)",
				);
				GCC_WARN_64_TO_32_BIT_CONVERSION = YES;
				GCC_WARN_ABOUT_RETURN_TYPE = YES_ERROR;
				GCC_WARN_UNDECLARED_SELECTOR = YES;
				GCC_WARN_UNINITIALIZED_AUTOS = YES_AGGRESSIVE;
				GCC_WARN_UNUSED_FUNCTION = YES;
				GCC_WARN_UNUSED_VARIABLE = YES;
				IPHONEOS_DEPLOYMENT_TARGET = 14.4;
				MTL_ENABLE_DEBUG_INFO = INCLUDE_SOURCE;
				MTL_FAST_MATH = YES;
				ONLY_ACTIVE_ARCH = YES;
				SDKROOT = iphoneos;
				SWIFT_ACTIVE_COMPILATION_CONDITIONS = DEBUG;
				SWIFT_OPTIMIZATION_LEVEL = "-Onone";
			};
			name = Debug;
		};
		43489CA627D7BD6B0086C314 /* Release */ = {
			isa = XCBuildConfiguration;
			buildSettings = {
				ALWAYS_SEARCH_USER_PATHS = NO;
				CLANG_ANALYZER_NONNULL = YES;
				CLANG_ANALYZER_NUMBER_OBJECT_CONVERSION = YES_AGGRESSIVE;
				CLANG_CXX_LANGUAGE_STANDARD = "gnu++14";
				CLANG_CXX_LIBRARY = "libc++";
				CLANG_ENABLE_MODULES = YES;
				CLANG_ENABLE_OBJC_ARC = YES;
				CLANG_ENABLE_OBJC_WEAK = YES;
				CLANG_WARN_BLOCK_CAPTURE_AUTORELEASING = YES;
				CLANG_WARN_BOOL_CONVERSION = YES;
				CLANG_WARN_COMMA = YES;
				CLANG_WARN_CONSTANT_CONVERSION = YES;
				CLANG_WARN_DEPRECATED_OBJC_IMPLEMENTATIONS = YES;
				CLANG_WARN_DIRECT_OBJC_ISA_USAGE = YES_ERROR;
				CLANG_WARN_DOCUMENTATION_COMMENTS = YES;
				CLANG_WARN_EMPTY_BODY = YES;
				CLANG_WARN_ENUM_CONVERSION = YES;
				CLANG_WARN_INFINITE_RECURSION = YES;
				CLANG_WARN_INT_CONVERSION = YES;
				CLANG_WARN_NON_LITERAL_NULL_CONVERSION = YES;
				CLANG_WARN_OBJC_IMPLICIT_RETAIN_SELF = YES;
				CLANG_WARN_OBJC_LITERAL_CONVERSION = YES;
				CLANG_WARN_OBJC_ROOT_CLASS = YES_ERROR;
				CLANG_WARN_QUOTED_INCLUDE_IN_FRAMEWORK_HEADER = YES;
				CLANG_WARN_RANGE_LOOP_ANALYSIS = YES;
				CLANG_WARN_STRICT_PROTOTYPES = YES;
				CLANG_WARN_SUSPICIOUS_MOVE = YES;
				CLANG_WARN_UNGUARDED_AVAILABILITY = YES_AGGRESSIVE;
				CLANG_WARN_UNREACHABLE_CODE = YES;
				CLANG_WARN__DUPLICATE_METHOD_MATCH = YES;
				COPY_PHASE_STRIP = NO;
				DEBUG_INFORMATION_FORMAT = "dwarf-with-dsym";
				ENABLE_NS_ASSERTIONS = NO;
				ENABLE_STRICT_OBJC_MSGSEND = YES;
				GCC_C_LANGUAGE_STANDARD = gnu11;
				GCC_NO_COMMON_BLOCKS = YES;
				GCC_WARN_64_TO_32_BIT_CONVERSION = YES;
				GCC_WARN_ABOUT_RETURN_TYPE = YES_ERROR;
				GCC_WARN_UNDECLARED_SELECTOR = YES;
				GCC_WARN_UNINITIALIZED_AUTOS = YES_AGGRESSIVE;
				GCC_WARN_UNUSED_FUNCTION = YES;
				GCC_WARN_UNUSED_VARIABLE = YES;
				IPHONEOS_DEPLOYMENT_TARGET = 14.4;
				MTL_ENABLE_DEBUG_INFO = NO;
				MTL_FAST_MATH = YES;
				SDKROOT = iphoneos;
				SWIFT_COMPILATION_MODE = wholemodule;
				SWIFT_OPTIMIZATION_LEVEL = "-O";
				VALIDATE_PRODUCT = YES;
			};
			name = Release;
		};
		43489CA827D7BD6B0086C314 /* Debug */ = {
			isa = XCBuildConfiguration;
			buildSettings = {
				ASSETCATALOG_COMPILER_APPICON_NAME = AppIcon;
				ASSETCATALOG_COMPILER_GLOBAL_ACCENT_COLOR_NAME = AccentColor;
				CODE_SIGN_STYLE = Automatic;
				INFOPLIST_FILE = MVCtoMVVM/Info.plist;
				LD_RUNPATH_SEARCH_PATHS = (
					"$(inherited)",
					"@executable_path/Frameworks",
				);
				PRODUCT_BUNDLE_IDENTIFIER = corascode.MVCtoMVVM;
				PRODUCT_NAME = "$(TARGET_NAME)";
				SWIFT_VERSION = 5.0;
				TARGETED_DEVICE_FAMILY = "1,2";
			};
			name = Debug;
		};
		43489CA927D7BD6B0086C314 /* Release */ = {
			isa = XCBuildConfiguration;
			buildSettings = {
				ASSETCATALOG_COMPILER_APPICON_NAME = AppIcon;
				ASSETCATALOG_COMPILER_GLOBAL_ACCENT_COLOR_NAME = AccentColor;
				CODE_SIGN_STYLE = Automatic;
				INFOPLIST_FILE = MVCtoMVVM/Info.plist;
				LD_RUNPATH_SEARCH_PATHS = (
					"$(inherited)",
					"@executable_path/Frameworks",
				);
				PRODUCT_BUNDLE_IDENTIFIER = corascode.MVCtoMVVM;
				PRODUCT_NAME = "$(TARGET_NAME)";
				SWIFT_VERSION = 5.0;
				TARGETED_DEVICE_FAMILY = "1,2";
			};
			name = Release;
		};
/* End XCBuildConfiguration section */

/* Begin XCConfigurationList section */
		43489C8E27D7BD690086C314 /* Build configuration list for PBXProject "MVCtoMVVM" */ = {
			isa = XCConfigurationList;
			buildConfigurations = (
				43489CA527D7BD6B0086C314 /* Debug */,
				43489CA627D7BD6B0086C314 /* Release */,
			);
			defaultConfigurationIsVisible = 0;
			defaultConfigurationName = Release;
		};
		43489CA727D7BD6B0086C314 /* Build configuration list for PBXNativeTarget "MVCtoMVVM" */ = {
			isa = XCConfigurationList;
			buildConfigurations = (
				43489CA827D7BD6B0086C314 /* Debug */,
				43489CA927D7BD6B0086C314 /* Release */,
			);
			defaultConfigurationIsVisible = 0;
			defaultConfigurationName = Release;
		};
/* End XCConfigurationList section */
	};
	rootObject = 43489C8B27D7BD690086C314 /* Project object */;
}
