// !$*UTF8*$!
{
	archiveVersion = 1;
	classes = {
	};
	objectVersion = 50;
	objects = {

/* Begin PBXBuildFile section */
		434BFDA127E37DBA00E4E40D /* AppDelegate.swift in Sources */ = {isa = PBXBuildFile; fileRef = 434BFDA027E37DBA00E4E40D /* AppDelegate.swift */; };
		434BFDA327E37DBA00E4E40D /* SceneDelegate.swift in Sources */ = {isa = PBXBuildFile; fileRef = 434BFDA227E37DBA00E4E40D /* SceneDelegate.swift */; };
		434BFDAA27E37DBC00E4E40D /* Assets.xcassets in Resources */ = {isa = PBXBuildFile; fileRef = 434BFDA927E37DBC00E4E40D /* Assets.xcassets */; };
		434BFDAD27E37DBC00E4E40D /* LaunchScreen.storyboard in Resources */ = {isa = PBXBuildFile; fileRef = 434BFDAB27E37DBC00E4E40D /* LaunchScreen.storyboard */; };
		434BFDD527E37F5400E4E40D /* Bird.swift in Sources */ = {isa = PBXBuildFile; fileRef = 434BFDD427E37F5400E4E40D /* Bird.swift */; };
		434BFDDA27E37FD200E4E40D /* Main.storyboard in Resources */ = {isa = PBXBuildFile; fileRef = 434BFDD927E37FD200E4E40D /* Main.storyboard */; };
		434BFDE027E3800500E4E40D /* BirdsController.swift in Sources */ = {isa = PBXBuildFile; fileRef = 434BFDDF27E3800500E4E40D /* BirdsController.swift */; };
		434BFDE527E3813600E4E40D /* Service.swift in Sources */ = {isa = PBXBuildFile; fileRef = 434BFDE427E3813600E4E40D /* Service.swift */; };
/* End PBXBuildFile section */

/* Begin PBXFileReference section */
		434BFD9D27E37DBA00E4E40D /* MVCtoMVVM.app */ = {isa = PBXFileReference; explicitFileType = wrapper.application; includeInIndex = 0; path = MVCtoMVVM.app; sourceTree = BUILT_PRODUCTS_DIR; };
		434BFDA027E37DBA00E4E40D /* AppDelegate.swift */ = {isa = PBXFileReference; lastKnownFileType = sourcecode.swift; path = AppDelegate.swift; sourceTree = "<group>"; };
		434BFDA227E37DBA00E4E40D /* SceneDelegate.swift */ = {isa = PBXFileReference; lastKnownFileType = sourcecode.swift; path = SceneDelegate.swift; sourceTree = "<group>"; };
		434BFDA927E37DBC00E4E40D /* Assets.xcassets */ = {isa = PBXFileReference; lastKnownFileType = folder.assetcatalog; path = Assets.xcassets; sourceTree = "<group>"; };
		434BFDAC27E37DBC00E4E40D /* Base */ = {isa = PBXFileReference; lastKnownFileType = file.storyboard; name = Base; path = Base.lproj/LaunchScreen.storyboard; sourceTree = "<group>"; };
		434BFDAE27E37DBC00E4E40D /* Info.plist */ = {isa = PBXFileReference; lastKnownFileType = text.plist.xml; path = Info.plist; sourceTree = "<group>"; };
		434BFDD427E37F5400E4E40D /* Bird.swift */ = {isa = PBXFileReference; lastKnownFileType = sourcecode.swift; path = Bird.swift; sourceTree = "<group>"; };
		434BFDD927E37FD200E4E40D /* Main.storyboard */ = {isa = PBXFileReference; fileEncoding = 4; lastKnownFileType = file.storyboard; path = Main.storyboard; sourceTree = "<group>"; };
		434BFDDF27E3800500E4E40D /* BirdsController.swift */ = {isa = PBXFileReference; lastKnownFileType = sourcecode.swift; path = BirdsController.swift; sourceTree = "<group>"; };
		434BFDE427E3813600E4E40D /* Service.swift */ = {isa = PBXFileReference; lastKnownFileType = sourcecode.swift; path = Service.swift; sourceTree = "<group>"; };
/* End PBXFileReference section */

/* Begin PBXFrameworksBuildPhase section */
		434BFD9A27E37DBA00E4E40D /* Frameworks */ = {
			isa = PBXFrameworksBuildPhase;
			buildActionMask = 2147483647;
			files = (
			);
			runOnlyForDeploymentPostprocessing = 0;
		};
/* End PBXFrameworksBuildPhase section */

/* Begin PBXGroup section */
		434BFD9427E37DBA00E4E40D = {
			isa = PBXGroup;
			children = (
				434BFD9F27E37DBA00E4E40D /* MVCtoMVVM */,
				434BFD9E27E37DBA00E4E40D /* Products */,
			);
			sourceTree = "<group>";
		};
		434BFD9E27E37DBA00E4E40D /* Products */ = {
			isa = PBXGroup;
			children = (
				434BFD9D27E37DBA00E4E40D /* MVCtoMVVM.app */,
			);
			name = Products;
			sourceTree = "<group>";
		};
		434BFD9F27E37DBA00E4E40D /* MVCtoMVVM */ = {
			isa = PBXGroup;
			children = (
				434BFDD327E37F4800E4E40D /* Model */,
				434BFDD727E37F5F00E4E40D /* View */,
				434BFDD827E37FA000E4E40D /* Controller */,
				434BFDE927E3822E00E4E40D /* Service */,
				434BFDA027E37DBA00E4E40D /* AppDelegate.swift */,
				434BFDA227E37DBA00E4E40D /* SceneDelegate.swift */,
				434BFDA927E37DBC00E4E40D /* Assets.xcassets */,
				434BFDAB27E37DBC00E4E40D /* LaunchScreen.storyboard */,
				434BFDAE27E37DBC00E4E40D /* Info.plist */,
			);
			path = MVCtoMVVM;
			sourceTree = "<group>";
		};
		434BFDD327E37F4800E4E40D /* Model */ = {
			isa = PBXGroup;
			children = (
				434BFDD427E37F5400E4E40D /* Bird.swift */,
			);
			path = Model;
			sourceTree = "<group>";
		};
		434BFDD727E37F5F00E4E40D /* View */ = {
			isa = PBXGroup;
			children = (
				434BFDD927E37FD200E4E40D /* Main.storyboard */,
			);
			path = View;
			sourceTree = "<group>";
		};
		434BFDD827E37FA000E4E40D /* Controller */ = {
			isa = PBXGroup;
			children = (
				434BFDDF27E3800500E4E40D /* BirdsController.swift */,
			);
			path = Controller;
			sourceTree = "<group>";
		};
		434BFDE927E3822E00E4E40D /* Service */ = {
			isa = PBXGroup;
			children = (
				434BFDE427E3813600E4E40D /* Service.swift */,
			);
			path = Service;
			sourceTree = "<group>";
		};
/* End PBXGroup section */

/* Begin PBXNativeTarget section */
		434BFD9C27E37DBA00E4E40D /* MVCtoMVVM */ = {
			isa = PBXNativeTarget;
			buildConfigurationList = 434BFDB127E37DBC00E4E40D /* Build configuration list for PBXNativeTarget "MVCtoMVVM" */;
			buildPhases = (
				434BFD9927E37DBA00E4E40D /* Sources */,
				434BFD9A27E37DBA00E4E40D /* Frameworks */,
				434BFD9B27E37DBA00E4E40D /* Resources */,
			);
			buildRules = (
			);
			dependencies = (
			);
			name = MVCtoMVVM;
			productName = MVCtoMVVM;
			productReference = 434BFD9D27E37DBA00E4E40D /* MVCtoMVVM.app */;
			productType = "com.apple.product-type.application";
		};
/* End PBXNativeTarget section */

/* Begin PBXProject section */
		434BFD9527E37DBA00E4E40D /* Project object */ = {
			isa = PBXProject;
			attributes = {
				LastSwiftUpdateCheck = 1240;
				LastUpgradeCheck = 1240;
				TargetAttributes = {
					434BFD9C27E37DBA00E4E40D = {
						CreatedOnToolsVersion = 12.4;
					};
				};
			};
			buildConfigurationList = 434BFD9827E37DBA00E4E40D /* Build configuration list for PBXProject "MVCtoMVVM" */;
			compatibilityVersion = "Xcode 9.3";
			developmentRegion = en;
			hasScannedForEncodings = 0;
			knownRegions = (
				en,
				Base,
			);
			mainGroup = 434BFD9427E37DBA00E4E40D;
			productRefGroup = 434BFD9E27E37DBA00E4E40D /* Products */;
			projectDirPath = "";
			projectRoot = "";
			targets = (
				434BFD9C27E37DBA00E4E40D /* MVCtoMVVM */,
			);
		};
/* End PBXProject section */

/* Begin PBXResourcesBuildPhase section */
		434BFD9B27E37DBA00E4E40D /* Resources */ = {
			isa = PBXResourcesBuildPhase;
			buildActionMask = 2147483647;
			files = (
				434BFDDA27E37FD200E4E40D /* Main.storyboard in Resources */,
				434BFDAD27E37DBC00E4E40D /* LaunchScreen.storyboard in Resources */,
				434BFDAA27E37DBC00E4E40D /* Assets.xcassets in Resources */,
			);
			runOnlyForDeploymentPostprocessing = 0;
		};
/* End PBXResourcesBuildPhase section */

/* Begin PBXSourcesBuildPhase section */
		434BFD9927E37DBA00E4E40D /* Sources */ = {
			isa = PBXSourcesBuildPhase;
			buildActionMask = 2147483647;
			files = (
				434BFDD527E37F5400E4E40D /* Bird.swift in Sources */,
				434BFDA127E37DBA00E4E40D /* AppDelegate.swift in Sources */,
				434BFDE527E3813600E4E40D /* Service.swift in Sources */,
				434BFDE027E3800500E4E40D /* BirdsController.swift in Sources */,
				434BFDA327E37DBA00E4E40D /* SceneDelegate.swift in Sources */,
			);
			runOnlyForDeploymentPostprocessing = 0;
		};
/* End PBXSourcesBuildPhase section */

/* Begin PBXVariantGroup section */
		434BFDAB27E37DBC00E4E40D /* LaunchScreen.storyboard */ = {
			isa = PBXVariantGroup;
			children = (
				434BFDAC27E37DBC00E4E40D /* Base */,
			);
			name = LaunchScreen.storyboard;
			sourceTree = "<group>";
		};
/* End PBXVariantGroup section */

/* Begin XCBuildConfiguration section */
		434BFDAF27E37DBC00E4E40D /* Debug */ = {
			isa = XCBuildConfiguration;
			buildSettings = {
				ALWAYS_SEARCH_USER_PATHS = NO;
				CLANG_ANALYZER_NONNULL = YES;
				CLANG_ANALYZER_NUMBER_OBJECT_CONVERSION = YES_AGGRESSIVE;
				CLANG_CXX_LANGUAGE_STANDARD = "gnu++14";
				CLANG_CXX_LIBRARY = "libc++";
				CLANG_ENABLE_MODULES = YES;
				CLANG_ENABLE_OBJC_ARC = YES;
				CLANG_ENABLE_OBJC_WEAK = YES;
				CLANG_WARN_BLOCK_CAPTURE_AUTORELEASING = YES;
				CLANG_WARN_BOOL_CONVERSION = YES;
				CLANG_WARN_COMMA = YES;
				CLANG_WARN_CONSTANT_CONVERSION = YES;
				CLANG_WARN_DEPRECATED_OBJC_IMPLEMENTATIONS = YES;
				CLANG_WARN_DIRECT_OBJC_ISA_USAGE = YES_ERROR;
				CLANG_WARN_DOCUMENTATION_COMMENTS = YES;
				CLANG_WARN_EMPTY_BODY = YES;
				CLANG_WARN_ENUM_CONVERSION = YES;
				CLANG_WARN_INFINITE_RECURSION = YES;
				CLANG_WARN_INT_CONVERSION = YES;
				CLANG_WARN_NON_LITERAL_NULL_CONVERSION = YES;
				CLANG_WARN_OBJC_IMPLICIT_RETAIN_SELF = YES;
				CLANG_WARN_OBJC_LITERAL_CONVERSION = YES;
				CLANG_WARN_OBJC_ROOT_CLASS = YES_ERROR;
				CLANG_WARN_QUOTED_INCLUDE_IN_FRAMEWORK_HEADER = YES;
				CLANG_WARN_RANGE_LOOP_ANALYSIS = YES;
				CLANG_WARN_STRICT_PROTOTYPES = YES;
				CLANG_WARN_SUSPICIOUS_MOVE = YES;
				CLANG_WARN_UNGUARDED_AVAILABILITY = YES_AGGRESSIVE;
				CLANG_WARN_UNREACHABLE_CODE = YES;
				CLANG_WARN__DUPLICATE_METHOD_MATCH = YES;
				COPY_PHASE_STRIP = NO;
				DEBUG_INFORMATION_FORMAT = dwarf;
				ENABLE_STRICT_OBJC_MSGSEND = YES;
				ENABLE_TESTABILITY = YES;
				GCC_C_LANGUAGE_STANDARD = gnu11;
				GCC_DYNAMIC_NO_PIC = NO;
				GCC_NO_COMMON_BLOCKS = YES;
				GCC_OPTIMIZATION_LEVEL = 0;
				GCC_PREPROCESSOR_DEFINITIONS = (
					"DEBUG=1",
					"$(inherited)",
				);
				GCC_WARN_64_TO_32_BIT_CONVERSION = YES;
				GCC_WARN_ABOUT_RETURN_TYPE = YES_ERROR;
				GCC_WARN_UNDECLARED_SELECTOR = YES;
				GCC_WARN_UNINITIALIZED_AUTOS = YES_AGGRESSIVE;
				GCC_WARN_UNUSED_FUNCTION = YES;
				GCC_WARN_UNUSED_VARIABLE = YES;
				IPHONEOS_DEPLOYMENT_TARGET = 14.4;
				MTL_ENABLE_DEBUG_INFO = INCLUDE_SOURCE;
				MTL_FAST_MATH = YES;
				ONLY_ACTIVE_ARCH = YES;
				SDKROOT = iphoneos;
				SWIFT_ACTIVE_COMPILATION_CONDITIONS = DEBUG;
				SWIFT_OPTIMIZATION_LEVEL = "-Onone";
			};
			name = Debug;
		};
		434BFDB027E37DBC00E4E40D /* Release */ = {
			isa = XCBuildConfiguration;
			buildSettings = {
				ALWAYS_SEARCH_USER_PATHS = NO;
				CLANG_ANALYZER_NONNULL = YES;
				CLANG_ANALYZER_NUMBER_OBJECT_CONVERSION = YES_AGGRESSIVE;
				CLANG_CXX_LANGUAGE_STANDARD = "gnu++14";
				CLANG_CXX_LIBRARY = "libc++";
				CLANG_ENABLE_MODULES = YES;
				CLANG_ENABLE_OBJC_ARC = YES;
				CLANG_ENABLE_OBJC_WEAK = YES;
				CLANG_WARN_BLOCK_CAPTURE_AUTORELEASING = YES;
				CLANG_WARN_BOOL_CONVERSION = YES;
				CLANG_WARN_COMMA = YES;
				CLANG_WARN_CONSTANT_CONVERSION = YES;
				CLANG_WARN_DEPRECATED_OBJC_IMPLEMENTATIONS = YES;
				CLANG_WARN_DIRECT_OBJC_ISA_USAGE = YES_ERROR;
				CLANG_WARN_DOCUMENTATION_COMMENTS = YES;
				CLANG_WARN_EMPTY_BODY = YES;
				CLANG_WARN_ENUM_CONVERSION = YES;
				CLANG_WARN_INFINITE_RECURSION = YES;
				CLANG_WARN_INT_CONVERSION = YES;
				CLANG_WARN_NON_LITERAL_NULL_CONVERSION = YES;
				CLANG_WARN_OBJC_IMPLICIT_RETAIN_SELF = YES;
				CLANG_WARN_OBJC_LITERAL_CONVERSION = YES;
				CLANG_WARN_OBJC_ROOT_CLASS = YES_ERROR;
				CLANG_WARN_QUOTED_INCLUDE_IN_FRAMEWORK_HEADER = YES;
				CLANG_WARN_RANGE_LOOP_ANALYSIS = YES;
				CLANG_WARN_STRICT_PROTOTYPES = YES;
				CLANG_WARN_SUSPICIOUS_MOVE = YES;
				CLANG_WARN_UNGUARDED_AVAILABILITY = YES_AGGRESSIVE;
				CLANG_WARN_UNREACHABLE_CODE = YES;
				CLANG_WARN__DUPLICATE_METHOD_MATCH = YES;
				COPY_PHASE_STRIP = NO;
				DEBUG_INFORMATION_FORMAT = "dwarf-with-dsym";
				ENABLE_NS_ASSERTIONS = NO;
				ENABLE_STRICT_OBJC_MSGSEND = YES;
				GCC_C_LANGUAGE_STANDARD = gnu11;
				GCC_NO_COMMON_BLOCKS = YES;
				GCC_WARN_64_TO_32_BIT_CONVERSION = YES;
				GCC_WARN_ABOUT_RETURN_TYPE = YES_ERROR;
				GCC_WARN_UNDECLARED_SELECTOR = YES;
				GCC_WARN_UNINITIALIZED_AUTOS = YES_AGGRESSIVE;
				GCC_WARN_UNUSED_FUNCTION = YES;
				GCC_WARN_UNUSED_VARIABLE = YES;
				IPHONEOS_DEPLOYMENT_TARGET = 14.4;
				MTL_ENABLE_DEBUG_INFO = NO;
				MTL_FAST_MATH = YES;
				SDKROOT = iphoneos;
				SWIFT_COMPILATION_MODE = wholemodule;
				SWIFT_OPTIMIZATION_LEVEL = "-O";
				VALIDATE_PRODUCT = YES;
			};
			name = Release;
		};
		434BFDB227E37DBC00E4E40D /* Debug */ = {
			isa = XCBuildConfiguration;
			buildSettings = {
				ASSETCATALOG_COMPILER_APPICON_NAME = AppIcon;
				ASSETCATALOG_COMPILER_GLOBAL_ACCENT_COLOR_NAME = AccentColor;
				CODE_SIGN_STYLE = Automatic;
				INFOPLIST_FILE = MVCtoMVVM/Info.plist;
				LD_RUNPATH_SEARCH_PATHS = (
					"$(inherited)",
					"@executable_path/Frameworks",
				);
				PRODUCT_BUNDLE_IDENTIFIER = corascode.MVCtoMVVM;
				PRODUCT_NAME = "$(TARGET_NAME)";
				SWIFT_VERSION = 5.0;
				TARGETED_DEVICE_FAMILY = "1,2";
			};
			name = Debug;
		};
		434BFDB327E37DBC00E4E40D /* Release */ = {
			isa = XCBuildConfiguration;
			buildSettings = {
				ASSETCATALOG_COMPILER_APPICON_NAME = AppIcon;
				ASSETCATALOG_COMPILER_GLOBAL_ACCENT_COLOR_NAME = AccentColor;
				CODE_SIGN_STYLE = Automatic;
				INFOPLIST_FILE = MVCtoMVVM/Info.plist;
				LD_RUNPATH_SEARCH_PATHS = (
					"$(inherited)",
					"@executable_path/Frameworks",
				);
				PRODUCT_BUNDLE_IDENTIFIER = corascode.MVCtoMVVM;
				PRODUCT_NAME = "$(TARGET_NAME)";
				SWIFT_VERSION = 5.0;
				TARGETED_DEVICE_FAMILY = "1,2";
			};
			name = Release;
		};
/* End XCBuildConfiguration section */

/* Begin XCConfigurationList section */
		434BFD9827E37DBA00E4E40D /* Build configuration list for PBXProject "MVCtoMVVM" */ = {
			isa = XCConfigurationList;
			buildConfigurations = (
				434BFDAF27E37DBC00E4E40D /* Debug */,
				434BFDB027E37DBC00E4E40D /* Release */,
			);
			defaultConfigurationIsVisible = 0;
			defaultConfigurationName = Release;
		};
		434BFDB127E37DBC00E4E40D /* Build configuration list for PBXNativeTarget "MVCtoMVVM" */ = {
			isa = XCConfigurationList;
			buildConfigurations = (
				434BFDB227E37DBC00E4E40D /* Debug */,
				434BFDB327E37DBC00E4E40D /* Release */,
			);
			defaultConfigurationIsVisible = 0;
			defaultConfigurationName = Release;
		};
/* End XCConfigurationList section */
	};
	rootObject = 434BFD9527E37DBA00E4E40D /* Project object */;
}
